
Microsoft Visual Studio Solution File, Format Version 12.00
# Visual Studio Version 17
VisualStudioVersion = 17.8.34511.84
MinimumVisualStudioVersion = 10.0.40219.1
Project("{FAE04EC0-301F-11D3-BF4B-00C04F79EFBC}") = "CodePulse.API", "CodePulse.API\CodePulse.API.csproj", "{91BEDBB1-1AD8-436D-BB75-E2783D7A3DB3}"
EndProject
Global
	GlobalSection(SolutionConfigurationPlatforms) = preSolution
		Debug|Any CPU = Debug|Any CPU
		Release|Any CPU = Release|Any CPU
	EndGlobalSection
	GlobalSection(ProjectConfigurationPlatforms) = postSolution
		{91BEDBB1-1AD8-436D-BB75-E2783D7A3DB3}.Debug|Any CPU.ActiveCfg = Debug|Any CPU
		{91BEDBB1-1AD8-436D-BB75-E2783D7A3DB3}.Debug|Any CPU.Build.0 = Debug|Any CPU
		{91BEDBB1-1AD8-436D-BB75-E2783D7A3DB3}.Release|Any CPU.ActiveCfg = Release|Any CPU
		{91BEDBB1-1AD8-436D-BB75-E2783D7A3DB3}.Release|Any CPU.Build.0 = Release|Any CPU
	EndGlobalSection
	GlobalSection(SolutionProperties) = preSolution
		HideSolutionNode = FALSE
	EndGlobalSection
	GlobalSection(ExtensibilityGlobals) = postSolution
		SolutionGuid = {FE053093-AEA4-422F-94B4-245C85C3B69C}
	EndGlobalSection
EndGlobal
