
Microsoft Visual Studio Solution File, Format Version 12.00
# Visual Studio Version 17
VisualStudioVersion = 17.8.34511.84
MinimumVisualStudioVersion = 10.0.40219.1
Project("{9A19103F-16F7-4668-BE54-9A1E7A4F7556}") = "Bloggy.API", "CodePulse.API\Bloggy.API.csproj", "{91BEDBB1-1AD8-436D-BB75-E2783D7A3DB3}"
EndProject
Global
	GlobalSection(SolutionConfigurationPlatforms) = preSolution
		Debug|Any CPU = Debug|Any CPU
		Release|Any CPU = Release|Any CPU
	EndGlobalSection
	GlobalSection(ProjectConfigurationPlatforms) = postSolution
		{91BEDBB1-1AD8-436D-BB75-E2783D7A3DB3}.Debug|Any CPU.ActiveCfg = Debug|Any CPU
		{91BEDBB1-1AD8-436D-BB75-E2783D7A3DB3}.Debug|Any CPU.Build.0 = Debug|Any CPU
		{91BEDBB1-1AD8-436D-BB75-E2783D7A3DB3}.Release|Any CPU.ActiveCfg = Release|Any CPU
		{91BEDBB1-1AD8-436D-BB75-E2783D7A3DB3}.Release|Any CPU.Build.0 = Release|Any CPU
	EndGlobalSection
	GlobalSection(SolutionProperties) = preSolution
		HideSolutionNode = FALSE
	EndGlobalSection
	GlobalSection(ExtensibilityGlobals) = postSolution
		SolutionGuid = {FE053093-AEA4-422F-94B4-245C85C3B69C}
	EndGlobalSection
EndGlobal
